// !$*UTF8*$!
{
	archiveVersion = 1;
	classes = {
	};
	objectVersion = 46;
	objects = {

/* Begin PBXBuildFile section */
		74526EAC1E07EA6A007B6FE6 /* Constants.swift in Sources */ = {isa = PBXBuildFile; fileRef = 74526EAB1E07EA6A007B6FE6 /* Constants.swift */; };
		7475ACF31E06A0690057C027 /* AppDelegate.swift in Sources */ = {isa = PBXBuildFile; fileRef = 7475ACF21E06A0690057C027 /* AppDelegate.swift */; };
		7475ACF51E06A0690057C027 /* ViewController.swift in Sources */ = {isa = PBXBuildFile; fileRef = 7475ACF41E06A0690057C027 /* ViewController.swift */; };
		7475ACF81E06A0690057C027 /* Main.storyboard in Resources */ = {isa = PBXBuildFile; fileRef = 7475ACF61E06A0690057C027 /* Main.storyboard */; };
		7475ACFA1E06A0690057C027 /* Assets.xcassets in Resources */ = {isa = PBXBuildFile; fileRef = 7475ACF91E06A0690057C027 /* Assets.xcassets */; };
		7475ACFD1E06A0690057C027 /* LaunchScreen.storyboard in Resources */ = {isa = PBXBuildFile; fileRef = 7475ACFB1E06A0690057C027 /* LaunchScreen.storyboard */; };
		7475AD051E06A97F0057C027 /* pokemon.csv in Resources */ = {isa = PBXBuildFile; fileRef = 7475AD041E06A97F0057C027 /* pokemon.csv */; };
		7475AD081E06ABF90057C027 /* Pokemon.swift in Sources */ = {isa = PBXBuildFile; fileRef = 7475AD071E06ABF90057C027 /* Pokemon.swift */; };
		7475AD0B1E06C3F50057C027 /* PokeCell.swift in Sources */ = {isa = PBXBuildFile; fileRef = 7475AD0A1E06C3F50057C027 /* PokeCell.swift */; };
		7475AD0D1E06D2500057C027 /* csv.swift in Sources */ = {isa = PBXBuildFile; fileRef = 7475AD0C1E06D2500057C027 /* csv.swift */; };
		7475AD0F1E06D9110057C027 /* pokemon.ttf in Resources */ = {isa = PBXBuildFile; fileRef = 7475AD0E1E06D9110057C027 /* pokemon.ttf */; };
		7475AD141E06E2CF0057C027 /* music.png in Resources */ = {isa = PBXBuildFile; fileRef = 7475AD131E06E2CF0057C027 /* music.png */; };
		7475AD161E06EAB10057C027 /* music.mp3 in Resources */ = {isa = PBXBuildFile; fileRef = 7475AD151E06EAB10057C027 /* music.mp3 */; };
		7475AD181E06F80D0057C027 /* PokemonDetailsVC.swift in Sources */ = {isa = PBXBuildFile; fileRef = 7475AD171E06F80D0057C027 /* PokemonDetailsVC.swift */; };
		7475AD1A1E0705FD0057C027 /* back.png in Resources */ = {isa = PBXBuildFile; fileRef = 7475AD191E0705FD0057C027 /* back.png */; };
		B1AE3B37CFB6274618C11C82 /* Pods_pokedex.framework in Frameworks */ = {isa = PBXBuildFile; fileRef = E39829136AFF5DCB9ED8E191 /* Pods_pokedex.framework */; };
/* End PBXBuildFile section */

/* Begin PBXFileReference section */
		74526EAB1E07EA6A007B6FE6 /* Constants.swift */ = {isa = PBXFileReference; fileEncoding = 4; lastKnownFileType = sourcecode.swift; path = Constants.swift; sourceTree = "<group>"; };
		7475ACEF1E06A0690057C027 /* pokedex.app */ = {isa = PBXFileReference; explicitFileType = wrapper.application; includeInIndex = 0; path = pokedex.app; sourceTree = BUILT_PRODUCTS_DIR; };
		7475ACF21E06A0690057C027 /* AppDelegate.swift */ = {isa = PBXFileReference; lastKnownFileType = sourcecode.swift; path = AppDelegate.swift; sourceTree = "<group>"; };
		7475ACF41E06A0690057C027 /* ViewController.swift */ = {isa = PBXFileReference; lastKnownFileType = sourcecode.swift; path = ViewController.swift; sourceTree = "<group>"; };
		7475ACF71E06A0690057C027 /* Base */ = {isa = PBXFileReference; lastKnownFileType = file.storyboard; name = Base; path = Base.lproj/Main.storyboard; sourceTree = "<group>"; };
		7475ACF91E06A0690057C027 /* Assets.xcassets */ = {isa = PBXFileReference; lastKnownFileType = folder.assetcatalog; path = Assets.xcassets; sourceTree = "<group>"; };
		7475ACFC1E06A0690057C027 /* Base */ = {isa = PBXFileReference; lastKnownFileType = file.storyboard; name = Base; path = Base.lproj/LaunchScreen.storyboard; sourceTree = "<group>"; };
		7475ACFE1E06A0690057C027 /* Info.plist */ = {isa = PBXFileReference; lastKnownFileType = text.plist.xml; path = Info.plist; sourceTree = "<group>"; };
		7475AD041E06A97F0057C027 /* pokemon.csv */ = {isa = PBXFileReference; fileEncoding = 4; lastKnownFileType = text; path = pokemon.csv; sourceTree = "<group>"; };
		7475AD071E06ABF90057C027 /* Pokemon.swift */ = {isa = PBXFileReference; fileEncoding = 4; lastKnownFileType = sourcecode.swift; path = Pokemon.swift; sourceTree = "<group>"; };
		7475AD0A1E06C3F50057C027 /* PokeCell.swift */ = {isa = PBXFileReference; fileEncoding = 4; lastKnownFileType = sourcecode.swift; path = PokeCell.swift; sourceTree = "<group>"; };
		7475AD0C1E06D2500057C027 /* csv.swift */ = {isa = PBXFileReference; fileEncoding = 4; lastKnownFileType = sourcecode.swift; path = csv.swift; sourceTree = "<group>"; };
		7475AD0E1E06D9110057C027 /* pokemon.ttf */ = {isa = PBXFileReference; lastKnownFileType = file; path = pokemon.ttf; sourceTree = "<group>"; };
		7475AD131E06E2CF0057C027 /* music.png */ = {isa = PBXFileReference; lastKnownFileType = image.png; path = music.png; sourceTree = "<group>"; };
		7475AD151E06EAB10057C027 /* music.mp3 */ = {isa = PBXFileReference; lastKnownFileType = audio.mp3; path = music.mp3; sourceTree = "<group>"; };
		7475AD171E06F80D0057C027 /* PokemonDetailsVC.swift */ = {isa = PBXFileReference; fileEncoding = 4; lastKnownFileType = sourcecode.swift; path = PokemonDetailsVC.swift; sourceTree = "<group>"; };
		7475AD191E0705FD0057C027 /* back.png */ = {isa = PBXFileReference; lastKnownFileType = image.png; path = back.png; sourceTree = "<group>"; };
		951490820D6E1F46719D81D5 /* Pods-pokedex.debug.xcconfig */ = {isa = PBXFileReference; includeInIndex = 1; lastKnownFileType = text.xcconfig; name = "Pods-pokedex.debug.xcconfig"; path = "Pods/Target Support Files/Pods-pokedex/Pods-pokedex.debug.xcconfig"; sourceTree = "<group>"; };
		DBB12AE49D3C6E4ACBB72E79 /* Pods-pokedex.release.xcconfig */ = {isa = PBXFileReference; includeInIndex = 1; lastKnownFileType = text.xcconfig; name = "Pods-pokedex.release.xcconfig"; path = "Pods/Target Support Files/Pods-pokedex/Pods-pokedex.release.xcconfig"; sourceTree = "<group>"; };
		E39829136AFF5DCB9ED8E191 /* Pods_pokedex.framework */ = {isa = PBXFileReference; explicitFileType = wrapper.framework; includeInIndex = 0; path = Pods_pokedex.framework; sourceTree = BUILT_PRODUCTS_DIR; };
/* End PBXFileReference section */

/* Begin PBXFrameworksBuildPhase section */
		7475ACEC1E06A0690057C027 /* Frameworks */ = {
			isa = PBXFrameworksBuildPhase;
			buildActionMask = 2147483647;
			files = (
				B1AE3B37CFB6274618C11C82 /* Pods_pokedex.framework in Frameworks */,
			);
			runOnlyForDeploymentPostprocessing = 0;
		};
/* End PBXFrameworksBuildPhase section */

/* Begin PBXGroup section */
		239673E1887A9818FB168497 /* Pods */ = {
			isa = PBXGroup;
			children = (
				951490820D6E1F46719D81D5 /* Pods-pokedex.debug.xcconfig */,
				DBB12AE49D3C6E4ACBB72E79 /* Pods-pokedex.release.xcconfig */,
			);
			name = Pods;
			sourceTree = "<group>";
		};
		7475ACE61E06A0690057C027 = {
			isa = PBXGroup;
			children = (
				7475ACF11E06A0690057C027 /* pokedex */,
				7475ACF01E06A0690057C027 /* Products */,
				239673E1887A9818FB168497 /* Pods */,
				9E47D5FA3DEC0712333F1829 /* Frameworks */,
			);
			sourceTree = "<group>";
		};
		7475ACF01E06A0690057C027 /* Products */ = {
			isa = PBXGroup;
			children = (
				7475ACEF1E06A0690057C027 /* pokedex.app */,
			);
			name = Products;
			sourceTree = "<group>";
		};
		7475ACF11E06A0690057C027 /* pokedex */ = {
			isa = PBXGroup;
			children = (
				7475AD061E06ABE30057C027 /* Model */,
				7475AD091E06C3D10057C027 /* View */,
				7475AD101E06D9310057C027 /* Controller */,
				7475AD111E06D9410057C027 /* Resources */,
				7475AD121E06D9830057C027 /* Util */,
				7475ACF21E06A0690057C027 /* AppDelegate.swift */,
				7475ACF61E06A0690057C027 /* Main.storyboard */,
				7475ACF91E06A0690057C027 /* Assets.xcassets */,
				7475ACFB1E06A0690057C027 /* LaunchScreen.storyboard */,
				7475ACFE1E06A0690057C027 /* Info.plist */,
			);
			path = pokedex;
			sourceTree = "<group>";
		};
		7475AD061E06ABE30057C027 /* Model */ = {
			isa = PBXGroup;
			children = (
				7475AD071E06ABF90057C027 /* Pokemon.swift */,
			);
			name = Model;
			sourceTree = "<group>";
		};
		7475AD091E06C3D10057C027 /* View */ = {
			isa = PBXGroup;
			children = (
				7475AD0A1E06C3F50057C027 /* PokeCell.swift */,
			);
			name = View;
			sourceTree = "<group>";
		};
		7475AD101E06D9310057C027 /* Controller */ = {
			isa = PBXGroup;
			children = (
				7475ACF41E06A0690057C027 /* ViewController.swift */,
				7475AD171E06F80D0057C027 /* PokemonDetailsVC.swift */,
			);
			name = Controller;
			sourceTree = "<group>";
		};
		7475AD111E06D9410057C027 /* Resources */ = {
			isa = PBXGroup;
			children = (
				7475AD041E06A97F0057C027 /* pokemon.csv */,
				7475AD0E1E06D9110057C027 /* pokemon.ttf */,
				7475AD131E06E2CF0057C027 /* music.png */,
				7475AD151E06EAB10057C027 /* music.mp3 */,
				7475AD191E0705FD0057C027 /* back.png */,
			);
			name = Resources;
			sourceTree = "<group>";
		};
		7475AD121E06D9830057C027 /* Util */ = {
			isa = PBXGroup;
			children = (
				7475AD0C1E06D2500057C027 /* csv.swift */,
				74526EAB1E07EA6A007B6FE6 /* Constants.swift */,
			);
			name = Util;
			sourceTree = "<group>";
		};
		9E47D5FA3DEC0712333F1829 /* Frameworks */ = {
			isa = PBXGroup;
			children = (
				E39829136AFF5DCB9ED8E191 /* Pods_pokedex.framework */,
			);
			name = Frameworks;
			sourceTree = "<group>";
		};
/* End PBXGroup section */

/* Begin PBXNativeTarget section */
		7475ACEE1E06A0690057C027 /* pokedex */ = {
			isa = PBXNativeTarget;
			buildConfigurationList = 7475AD011E06A0690057C027 /* Build configuration list for PBXNativeTarget "pokedex" */;
			buildPhases = (
				BADFCE12556A750A4CDF56F8 /* [CP] Check Pods Manifest.lock */,
				7475ACEB1E06A0690057C027 /* Sources */,
				7475ACEC1E06A0690057C027 /* Frameworks */,
				7475ACED1E06A0690057C027 /* Resources */,
				88813B6FA7BD1F1E2323C0D0 /* [CP] Embed Pods Frameworks */,
				DB3969A27BE93D7BF6FAD4DC /* [CP] Copy Pods Resources */,
			);
			buildRules = (
			);
			dependencies = (
			);
			name = pokedex;
			productName = pokedex;
			productReference = 7475ACEF1E06A0690057C027 /* pokedex.app */;
			productType = "com.apple.product-type.application";
		};
/* End PBXNativeTarget section */

/* Begin PBXProject section */
		7475ACE71E06A0690057C027 /* Project object */ = {
			isa = PBXProject;
			attributes = {
				LastSwiftUpdateCheck = 0820;
				LastUpgradeCheck = 0820;
				ORGANIZATIONNAME = Quang;
				TargetAttributes = {
					7475ACEE1E06A0690057C027 = {
						CreatedOnToolsVersion = 8.2;
						LastSwiftMigration = 0820;
						ProvisioningStyle = Automatic;
					};
				};
			};
			buildConfigurationList = 7475ACEA1E06A0690057C027 /* Build configuration list for PBXProject "pokedex" */;
			compatibilityVersion = "Xcode 3.2";
			developmentRegion = English;
			hasScannedForEncodings = 0;
			knownRegions = (
				en,
				Base,
			);
			mainGroup = 7475ACE61E06A0690057C027;
			productRefGroup = 7475ACF01E06A0690057C027 /* Products */;
			projectDirPath = "";
			projectRoot = "";
			targets = (
				7475ACEE1E06A0690057C027 /* pokedex */,
			);
		};
/* End PBXProject section */

/* Begin PBXResourcesBuildPhase section */
		7475ACED1E06A0690057C027 /* Resources */ = {
			isa = PBXResourcesBuildPhase;
			buildActionMask = 2147483647;
			files = (
				7475AD0F1E06D9110057C027 /* pokemon.ttf in Resources */,
				7475ACFD1E06A0690057C027 /* LaunchScreen.storyboard in Resources */,
				7475ACFA1E06A0690057C027 /* Assets.xcassets in Resources */,
				7475AD051E06A97F0057C027 /* pokemon.csv in Resources */,
				7475AD1A1E0705FD0057C027 /* back.png in Resources */,
				7475ACF81E06A0690057C027 /* Main.storyboard in Resources */,
				7475AD161E06EAB10057C027 /* music.mp3 in Resources */,
				7475AD141E06E2CF0057C027 /* music.png in Resources */,
			);
			runOnlyForDeploymentPostprocessing = 0;
		};
/* End PBXResourcesBuildPhase section */

/* Begin PBXShellScriptBuildPhase section */
		88813B6FA7BD1F1E2323C0D0 /* [CP] Embed Pods Frameworks */ = {
			isa = PBXShellScriptBuildPhase;
			buildActionMask = 2147483647;
			files = (
			);
			inputPaths = (
			);
			name = "[CP] Embed Pods Frameworks";
			outputPaths = (
			);
			runOnlyForDeploymentPostprocessing = 0;
			shellPath = /bin/sh;
			shellScript = "\"${SRCROOT}/Pods/Target Support Files/Pods-pokedex/Pods-pokedex-frameworks.sh\"\n";
			showEnvVarsInLog = 0;
		};
		BADFCE12556A750A4CDF56F8 /* [CP] Check Pods Manifest.lock */ = {
			isa = PBXShellScriptBuildPhase;
			buildActionMask = 2147483647;
			files = (
			);
			inputPaths = (
			);
			name = "[CP] Check Pods Manifest.lock";
			outputPaths = (
			);
			runOnlyForDeploymentPostprocessing = 0;
			shellPath = /bin/sh;
			shellScript = "diff \"${PODS_ROOT}/../Podfile.lock\" \"${PODS_ROOT}/Manifest.lock\" > /dev/null\nif [ $? != 0 ] ; then\n    # print error to STDERR\n    echo \"error: The sandbox is not in sync with the Podfile.lock. Run 'pod install' or update your CocoaPods installation.\" >&2\n    exit 1\nfi\n";
			showEnvVarsInLog = 0;
		};
		DB3969A27BE93D7BF6FAD4DC /* [CP] Copy Pods Resources */ = {
			isa = PBXShellScriptBuildPhase;
			buildActionMask = 2147483647;
			files = (
			);
			inputPaths = (
			);
			name = "[CP] Copy Pods Resources";
			outputPaths = (
			);
			runOnlyForDeploymentPostprocessing = 0;
			shellPath = /bin/sh;
			shellScript = "\"${SRCROOT}/Pods/Target Support Files/Pods-pokedex/Pods-pokedex-resources.sh\"\n";
			showEnvVarsInLog = 0;
		};
/* End PBXShellScriptBuildPhase section */

/* Begin PBXSourcesBuildPhase section */
		7475ACEB1E06A0690057C027 /* Sources */ = {
			isa = PBXSourcesBuildPhase;
			buildActionMask = 2147483647;
			files = (
				7475AD0B1E06C3F50057C027 /* PokeCell.swift in Sources */,
				7475ACF51E06A0690057C027 /* ViewController.swift in Sources */,
				7475ACF31E06A0690057C027 /* AppDelegate.swift in Sources */,
				7475AD081E06ABF90057C027 /* Pokemon.swift in Sources */,
				74526EAC1E07EA6A007B6FE6 /* Constants.swift in Sources */,
				7475AD0D1E06D2500057C027 /* csv.swift in Sources */,
				7475AD181E06F80D0057C027 /* PokemonDetailsVC.swift in Sources */,
			);
			runOnlyForDeploymentPostprocessing = 0;
		};
/* End PBXSourcesBuildPhase section */

/* Begin PBXVariantGroup section */
		7475ACF61E06A0690057C027 /* Main.storyboard */ = {
			isa = PBXVariantGroup;
			children = (
				7475ACF71E06A0690057C027 /* Base */,
			);
			name = Main.storyboard;
			sourceTree = "<group>";
		};
		7475ACFB1E06A0690057C027 /* LaunchScreen.storyboard */ = {
			isa = PBXVariantGroup;
			children = (
				7475ACFC1E06A0690057C027 /* Base */,
			);
			name = LaunchScreen.storyboard;
			sourceTree = "<group>";
		};
/* End PBXVariantGroup section */

/* Begin XCBuildConfiguration section */
		7475ACFF1E06A0690057C027 /* Debug */ = {
			isa = XCBuildConfiguration;
			buildSettings = {
				ALWAYS_SEARCH_USER_PATHS = NO;
				CLANG_ANALYZER_NONNULL = YES;
				CLANG_CXX_LANGUAGE_STANDARD = "gnu++0x";
				CLANG_CXX_LIBRARY = "libc++";
				CLANG_ENABLE_MODULES = YES;
				CLANG_ENABLE_OBJC_ARC = YES;
				CLANG_WARN_BOOL_CONVERSION = YES;
				CLANG_WARN_CONSTANT_CONVERSION = YES;
				CLANG_WARN_DIRECT_OBJC_ISA_USAGE = YES_ERROR;
				CLANG_WARN_DOCUMENTATION_COMMENTS = YES;
				CLANG_WARN_EMPTY_BODY = YES;
				CLANG_WARN_ENUM_CONVERSION = YES;
				CLANG_WARN_INFINITE_RECURSION = YES;
				CLANG_WARN_INT_CONVERSION = YES;
				CLANG_WARN_OBJC_ROOT_CLASS = YES_ERROR;
				CLANG_WARN_SUSPICIOUS_MOVE = YES;
				CLANG_WARN_UNREACHABLE_CODE = YES;
				CLANG_WARN__DUPLICATE_METHOD_MATCH = YES;
				"CODE_SIGN_IDENTITY[sdk=iphoneos*]" = "iPhone Developer";
				COPY_PHASE_STRIP = NO;
				DEBUG_INFORMATION_FORMAT = dwarf;
				ENABLE_STRICT_OBJC_MSGSEND = YES;
				ENABLE_TESTABILITY = YES;
				GCC_C_LANGUAGE_STANDARD = gnu99;
				GCC_DYNAMIC_NO_PIC = NO;
				GCC_NO_COMMON_BLOCKS = YES;
				GCC_OPTIMIZATION_LEVEL = 0;
				GCC_PREPROCESSOR_DEFINITIONS = (
					"DEBUG=1",
					"$(inherited)",
				);
				GCC_WARN_64_TO_32_BIT_CONVERSION = YES;
				GCC_WARN_ABOUT_RETURN_TYPE = YES_ERROR;
				GCC_WARN_UNDECLARED_SELECTOR = YES;
				GCC_WARN_UNINITIALIZED_AUTOS = YES_AGGRESSIVE;
				GCC_WARN_UNUSED_FUNCTION = YES;
				GCC_WARN_UNUSED_VARIABLE = YES;
				IPHONEOS_DEPLOYMENT_TARGET = 10.2;
				MTL_ENABLE_DEBUG_INFO = YES;
				ONLY_ACTIVE_ARCH = YES;
				SDKROOT = iphoneos;
				SWIFT_ACTIVE_COMPILATION_CONDITIONS = DEBUG;
				SWIFT_OPTIMIZATION_LEVEL = "-Onone";
				TARGETED_DEVICE_FAMILY = "1,2";
			};
			name = Debug;
		};
		7475AD001E06A0690057C027 /* Release */ = {
			isa = XCBuildConfiguration;
			buildSettings = {
				ALWAYS_SEARCH_USER_PATHS = NO;
				CLANG_ANALYZER_NONNULL = YES;
				CLANG_CXX_LANGUAGE_STANDARD = "gnu++0x";
				CLANG_CXX_LIBRARY = "libc++";
				CLANG_ENABLE_MODULES = YES;
				CLANG_ENABLE_OBJC_ARC = YES;
				CLANG_WARN_BOOL_CONVERSION = YES;
				CLANG_WARN_CONSTANT_CONVERSION = YES;
				CLANG_WARN_DIRECT_OBJC_ISA_USAGE = YES_ERROR;
				CLANG_WARN_DOCUMENTATION_COMMENTS = YES;
				CLANG_WARN_EMPTY_BODY = YES;
				CLANG_WARN_ENUM_CONVERSION = YES;
				CLANG_WARN_INFINITE_RECURSION = YES;
				CLANG_WARN_INT_CONVERSION = YES;
				CLANG_WARN_OBJC_ROOT_CLASS = YES_ERROR;
				CLANG_WARN_SUSPICIOUS_MOVE = YES;
				CLANG_WARN_UNREACHABLE_CODE = YES;
				CLANG_WARN__DUPLICATE_METHOD_MATCH = YES;
				"CODE_SIGN_IDENTITY[sdk=iphoneos*]" = "iPhone Developer";
				COPY_PHASE_STRIP = NO;
				DEBUG_INFORMATION_FORMAT = "dwarf-with-dsym";
				ENABLE_NS_ASSERTIONS = NO;
				ENABLE_STRICT_OBJC_MSGSEND = YES;
				GCC_C_LANGUAGE_STANDARD = gnu99;
				GCC_NO_COMMON_BLOCKS = YES;
				GCC_WARN_64_TO_32_BIT_CONVERSION = YES;
				GCC_WARN_ABOUT_RETURN_TYPE = YES_ERROR;
				GCC_WARN_UNDECLARED_SELECTOR = YES;
				GCC_WARN_UNINITIALIZED_AUTOS = YES_AGGRESSIVE;
				GCC_WARN_UNUSED_FUNCTION = YES;
				GCC_WARN_UNUSED_VARIABLE = YES;
				IPHONEOS_DEPLOYMENT_TARGET = 10.2;
				MTL_ENABLE_DEBUG_INFO = NO;
				SDKROOT = iphoneos;
				SWIFT_OPTIMIZATION_LEVEL = "-Owholemodule";
				TARGETED_DEVICE_FAMILY = "1,2";
				VALIDATE_PRODUCT = YES;
			};
			name = Release;
		};
		7475AD021E06A0690057C027 /* Debug */ = {
			isa = XCBuildConfiguration;
			baseConfigurationReference = 951490820D6E1F46719D81D5 /* Pods-pokedex.debug.xcconfig */;
			buildSettings = {
				ALWAYS_EMBED_SWIFT_STANDARD_LIBRARIES = YES;
				ASSETCATALOG_COMPILER_APPICON_NAME = AppIcon;
				INFOPLIST_FILE = pokedex/Info.plist;
				LD_RUNPATH_SEARCH_PATHS = "$(inherited) @executable_path/Frameworks";
				PRODUCT_BUNDLE_IDENTIFIER = ios.pokedex;
				PRODUCT_NAME = "$(TARGET_NAME)";
				SWIFT_VERSION = 3.0;
			};
			name = Debug;
		};
		7475AD031E06A0690057C027 /* Release */ = {
			isa = XCBuildConfiguration;
			baseConfigurationReference = DBB12AE49D3C6E4ACBB72E79 /* Pods-pokedex.release.xcconfig */;
			buildSettings = {
				ALWAYS_EMBED_SWIFT_STANDARD_LIBRARIES = YES;
				ASSETCATALOG_COMPILER_APPICON_NAME = AppIcon;
				INFOPLIST_FILE = pokedex/Info.plist;
				LD_RUNPATH_SEARCH_PATHS = "$(inherited) @executable_path/Frameworks";
				PRODUCT_BUNDLE_IDENTIFIER = ios.pokedex;
				PRODUCT_NAME = "$(TARGET_NAME)";
				SWIFT_VERSION = 3.0;
			};
			name = Release;
		};
/* End XCBuildConfiguration section */

/* Begin XCConfigurationList section */
		7475ACEA1E06A0690057C027 /* Build configuration list for PBXProject "pokedex" */ = {
			isa = XCConfigurationList;
			buildConfigurations = (
				7475ACFF1E06A0690057C027 /* Debug */,
				7475AD001E06A0690057C027 /* Release */,
			);
			defaultConfigurationIsVisible = 0;
			defaultConfigurationName = Release;
		};
		7475AD011E06A0690057C027 /* Build configuration list for PBXNativeTarget "pokedex" */ = {
			isa = XCConfigurationList;
			buildConfigurations = (
				7475AD021E06A0690057C027 /* Debug */,
				7475AD031E06A0690057C027 /* Release */,
			);
			defaultConfigurationIsVisible = 0;
			defaultConfigurationName = Release;
		};
/* End XCConfigurationList section */
	};
	rootObject = 7475ACE71E06A0690057C027 /* Project object */;
}
